// !$*UTF8*$!
{
	archiveVersion = 1;
	classes = {
	};
	objectVersion = 46;
	objects = {

/* Begin PBXBuildFile section */
		501A07261C28555E0016D60E /* main.m in Sources */ = {isa = PBXBuildFile; fileRef = 501A07251C28555E0016D60E /* main.m */; };
		501A07291C28555E0016D60E /* AppDelegate.m in Sources */ = {isa = PBXBuildFile; fileRef = 501A07281C28555E0016D60E /* AppDelegate.m */; };
		501A072C1C28555E0016D60E /* Register.m in Sources */ = {isa = PBXBuildFile; fileRef = 501A072B1C28555E0016D60E /* Register.m */; };
		501A072F1C28555E0016D60E /* Main.storyboard in Resources */ = {isa = PBXBuildFile; fileRef = 501A072D1C28555E0016D60E /* Main.storyboard */; };
		501A07321C28555E0016D60E /* Phone_Register.xcdatamodeld in Sources */ = {isa = PBXBuildFile; fileRef = 501A07301C28555E0016D60E /* Phone_Register.xcdatamodeld */; };
		501A07341C28555E0016D60E /* Assets.xcassets in Resources */ = {isa = PBXBuildFile; fileRef = 501A07331C28555E0016D60E /* Assets.xcassets */; };
		501A07371C28555E0016D60E /* LaunchScreen.storyboard in Resources */ = {isa = PBXBuildFile; fileRef = 501A07351C28555E0016D60E /* LaunchScreen.storyboard */; };
		501A07451C2869060016D60E /* Fabric.framework in Frameworks */ = {isa = PBXBuildFile; fileRef = 501A07411C2869060016D60E /* Fabric.framework */; };
		501A07461C2869060016D60E /* DigitsKit.framework in Frameworks */ = {isa = PBXBuildFile; fileRef = 501A07421C2869060016D60E /* DigitsKit.framework */; };
		501A07471C2869060016D60E /* DigitsKitResources.bundle in Resources */ = {isa = PBXBuildFile; fileRef = 501A07431C2869060016D60E /* DigitsKitResources.bundle */; };
		501A07481C2869060016D60E /* TwitterCore.framework in Frameworks */ = {isa = PBXBuildFile; fileRef = 501A07441C2869060016D60E /* TwitterCore.framework */; };
/* End PBXBuildFile section */

/* Begin PBXFileReference section */
		501A07211C28555E0016D60E /* Phone Register.app */ = {isa = PBXFileReference; explicitFileType = wrapper.application; includeInIndex = 0; path = "Phone Register.app"; sourceTree = BUILT_PRODUCTS_DIR; };
		501A07251C28555E0016D60E /* main.m */ = {isa = PBXFileReference; lastKnownFileType = sourcecode.c.objc; path = main.m; sourceTree = "<group>"; };
		501A07271C28555E0016D60E /* AppDelegate.h */ = {isa = PBXFileReference; lastKnownFileType = sourcecode.c.h; path = AppDelegate.h; sourceTree = "<group>"; };
		501A07281C28555E0016D60E /* AppDelegate.m */ = {isa = PBXFileReference; lastKnownFileType = sourcecode.c.objc; path = AppDelegate.m; sourceTree = "<group>"; };
		501A072A1C28555E0016D60E /* Register.h */ = {isa = PBXFileReference; lastKnownFileType = sourcecode.c.h; path = Register.h; sourceTree = "<group>"; };
		501A072B1C28555E0016D60E /* Register.m */ = {isa = PBXFileReference; lastKnownFileType = sourcecode.c.objc; path = Register.m; sourceTree = "<group>"; };
		501A072E1C28555E0016D60E /* Base */ = {isa = PBXFileReference; lastKnownFileType = file.storyboard; name = Base; path = Base.lproj/Main.storyboard; sourceTree = "<group>"; };
		501A07311C28555E0016D60E /* Phone_Register.xcdatamodel */ = {isa = PBXFileReference; lastKnownFileType = wrapper.xcdatamodel; path = Phone_Register.xcdatamodel; sourceTree = "<group>"; };
		501A07331C28555E0016D60E /* Assets.xcassets */ = {isa = PBXFileReference; lastKnownFileType = folder.assetcatalog; path = Assets.xcassets; sourceTree = "<group>"; };
		501A07361C28555E0016D60E /* Base */ = {isa = PBXFileReference; lastKnownFileType = file.storyboard; name = Base; path = Base.lproj/LaunchScreen.storyboard; sourceTree = "<group>"; };
		501A07381C28555E0016D60E /* Info.plist */ = {isa = PBXFileReference; lastKnownFileType = text.plist.xml; path = Info.plist; sourceTree = "<group>"; };
		501A07411C2869060016D60E /* Fabric.framework */ = {isa = PBXFileReference; lastKnownFileType = wrapper.framework; path = Fabric.framework; sourceTree = "<group>"; };
		501A07421C2869060016D60E /* DigitsKit.framework */ = {isa = PBXFileReference; lastKnownFileType = wrapper.framework; path = DigitsKit.framework; sourceTree = "<group>"; };
		501A07431C2869060016D60E /* DigitsKitResources.bundle */ = {isa = PBXFileReference; lastKnownFileType = "wrapper.plug-in"; name = DigitsKitResources.bundle; path = DigitsKit.framework/Versions/A/Resources/DigitsKitResources.bundle; sourceTree = "<group>"; };
		501A07441C2869060016D60E /* TwitterCore.framework */ = {isa = PBXFileReference; lastKnownFileType = wrapper.framework; path = TwitterCore.framework; sourceTree = "<group>"; };
/* End PBXFileReference section */

/* Begin PBXFrameworksBuildPhase section */
		501A071E1C28555E0016D60E /* Frameworks */ = {
			isa = PBXFrameworksBuildPhase;
			buildActionMask = 2147483647;
			files = (
				501A07451C2869060016D60E /* Fabric.framework in Frameworks */,
				501A07481C2869060016D60E /* TwitterCore.framework in Frameworks */,
				501A07461C2869060016D60E /* DigitsKit.framework in Frameworks */,
			);
			runOnlyForDeploymentPostprocessing = 0;
		};
/* End PBXFrameworksBuildPhase section */

/* Begin PBXGroup section */
		501A07181C28555E0016D60E = {
			isa = PBXGroup;
			children = (
				501A07411C2869060016D60E /* Fabric.framework */,
				501A07421C2869060016D60E /* DigitsKit.framework */,
				501A07431C2869060016D60E /* DigitsKitResources.bundle */,
				501A07441C2869060016D60E /* TwitterCore.framework */,
				501A07231C28555E0016D60E /* Phone Register */,
				501A07221C28555E0016D60E /* Products */,
			);
			sourceTree = "<group>";
		};
		501A07221C28555E0016D60E /* Products */ = {
			isa = PBXGroup;
			children = (
				501A07211C28555E0016D60E /* Phone Register.app */,
			);
			name = Products;
			sourceTree = "<group>";
		};
		501A07231C28555E0016D60E /* Phone Register */ = {
			isa = PBXGroup;
			children = (
				501A073F1C2856160016D60E /* user */,
				501A073E1C2855EA0016D60E /* Main */,
				501A072D1C28555E0016D60E /* Main.storyboard */,
				501A07331C28555E0016D60E /* Assets.xcassets */,
				501A07351C28555E0016D60E /* LaunchScreen.storyboard */,
				501A07381C28555E0016D60E /* Info.plist */,
				501A07301C28555E0016D60E /* Phone_Register.xcdatamodeld */,
				501A07241C28555E0016D60E /* Supporting Files */,
			);
			path = "Phone Register";
			sourceTree = "<group>";
		};
		501A07241C28555E0016D60E /* Supporting Files */ = {
			isa = PBXGroup;
			children = (
				501A07251C28555E0016D60E /* main.m */,
			);
			name = "Supporting Files";
			sourceTree = "<group>";
		};
		501A073E1C2855EA0016D60E /* Main */ = {
			isa = PBXGroup;
			children = (
				501A07271C28555E0016D60E /* AppDelegate.h */,
				501A07281C28555E0016D60E /* AppDelegate.m */,
			);
			name = Main;
			sourceTree = "<group>";
		};
		501A073F1C2856160016D60E /* user */ = {
			isa = PBXGroup;
			children = (
				501A072A1C28555E0016D60E /* Register.h */,
				501A072B1C28555E0016D60E /* Register.m */,
			);
			name = user;
			sourceTree = "<group>";
		};
/* End PBXGroup section */

/* Begin PBXNativeTarget section */
		501A07201C28555E0016D60E /* Phone Register */ = {
			isa = PBXNativeTarget;
			buildConfigurationList = 501A073B1C28555E0016D60E /* Build configuration list for PBXNativeTarget "Phone Register" */;
			buildPhases = (
				501A071D1C28555E0016D60E /* Sources */,
				501A071E1C28555E0016D60E /* Frameworks */,
				501A071F1C28555E0016D60E /* Resources */,
				501A07401C2867FE0016D60E /* ShellScript */,
			);
			buildRules = (
			);
			dependencies = (
			);
			name = "Phone Register";
			productName = "Phone Register";
			productReference = 501A07211C28555E0016D60E /* Phone Register.app */;
			productType = "com.apple.product-type.application";
		};
/* End PBXNativeTarget section */

/* Begin PBXProject section */
		501A07191C28555E0016D60E /* Project object */ = {
			isa = PBXProject;
			attributes = {
				LastUpgradeCheck = 0710;
				ORGANIZATIONNAME = "Alberto Cordero";
				TargetAttributes = {
					501A07201C28555E0016D60E = {
						CreatedOnToolsVersion = 7.1.1;
					};
				};
			};
			buildConfigurationList = 501A071C1C28555E0016D60E /* Build configuration list for PBXProject "Phone Register" */;
			compatibilityVersion = "Xcode 3.2";
			developmentRegion = English;
			hasScannedForEncodings = 0;
			knownRegions = (
				en,
				Base,
			);
			mainGroup = 501A07181C28555E0016D60E;
			productRefGroup = 501A07221C28555E0016D60E /* Products */;
			projectDirPath = "";
			projectRoot = "";
			targets = (
				501A07201C28555E0016D60E /* Phone Register */,
			);
		};
/* End PBXProject section */

/* Begin PBXResourcesBuildPhase section */
		501A071F1C28555E0016D60E /* Resources */ = {
			isa = PBXResourcesBuildPhase;
			buildActionMask = 2147483647;
			files = (
				501A07471C2869060016D60E /* DigitsKitResources.bundle in Resources */,
				501A07371C28555E0016D60E /* LaunchScreen.storyboard in Resources */,
				501A07341C28555E0016D60E /* Assets.xcassets in Resources */,
				501A072F1C28555E0016D60E /* Main.storyboard in Resources */,
			);
			runOnlyForDeploymentPostprocessing = 0;
		};
/* End PBXResourcesBuildPhase section */

/* Begin PBXShellScriptBuildPhase section */
		501A07401C2867FE0016D60E /* ShellScript */ = {
			isa = PBXShellScriptBuildPhase;
			buildActionMask = 2147483647;
			files = (
			);
			inputPaths = (
			);
			outputPaths = (
			);
			runOnlyForDeploymentPostprocessing = 0;
			shellPath = /bin/sh;
			shellScript = "./Fabric.framework/run c48616882aebd24b2402491def8fe52a94ab8771 0a358c0432532f017642d7da639305911f130b81bd4f4b0edca65157add9d006";
		};
/* End PBXShellScriptBuildPhase section */

/* Begin PBXSourcesBuildPhase section */
		501A071D1C28555E0016D60E /* Sources */ = {
			isa = PBXSourcesBuildPhase;
			buildActionMask = 2147483647;
			files = (
				501A072C1C28555E0016D60E /* Register.m in Sources */,
				501A07321C28555E0016D60E /* Phone_Register.xcdatamodeld in Sources */,
				501A07291C28555E0016D60E /* AppDelegate.m in Sources */,
				501A07261C28555E0016D60E /* main.m in Sources */,
			);
			runOnlyForDeploymentPostprocessing = 0;
		};
/* End PBXSourcesBuildPhase section */

/* Begin PBXVariantGroup section */
		501A072D1C28555E0016D60E /* Main.storyboard */ = {
			isa = PBXVariantGroup;
			children = (
				501A072E1C28555E0016D60E /* Base */,
			);
			name = Main.storyboard;
			sourceTree = "<group>";
		};
		501A07351C28555E0016D60E /* LaunchScreen.storyboard */ = {
			isa = PBXVariantGroup;
			children = (
				501A07361C28555E0016D60E /* Base */,
			);
			name = LaunchScreen.storyboard;
			sourceTree = "<group>";
		};
/* End PBXVariantGroup section */

/* Begin XCBuildConfiguration section */
		501A07391C28555E0016D60E /* Debug */ = {
			isa = XCBuildConfiguration;
			buildSettings = {
				ALWAYS_SEARCH_USER_PATHS = NO;
				CLANG_CXX_LANGUAGE_STANDARD = "gnu++0x";
				CLANG_CXX_LIBRARY = "libc++";
				CLANG_ENABLE_MODULES = YES;
				CLANG_ENABLE_OBJC_ARC = YES;
				CLANG_WARN_BOOL_CONVERSION = YES;
				CLANG_WARN_CONSTANT_CONVERSION = YES;
				CLANG_WARN_DIRECT_OBJC_ISA_USAGE = YES_ERROR;
				CLANG_WARN_EMPTY_BODY = YES;
				CLANG_WARN_ENUM_CONVERSION = YES;
				CLANG_WARN_INT_CONVERSION = YES;
				CLANG_WARN_OBJC_ROOT_CLASS = YES_ERROR;
				CLANG_WARN_UNREACHABLE_CODE = YES;
				CLANG_WARN__DUPLICATE_METHOD_MATCH = YES;
				"CODE_SIGN_IDENTITY[sdk=iphoneos*]" = "iPhone Developer";
				COPY_PHASE_STRIP = NO;
				DEBUG_INFORMATION_FORMAT = dwarf;
				ENABLE_STRICT_OBJC_MSGSEND = YES;
				ENABLE_TESTABILITY = YES;
				GCC_C_LANGUAGE_STANDARD = gnu99;
				GCC_DYNAMIC_NO_PIC = NO;
				GCC_NO_COMMON_BLOCKS = YES;
				GCC_OPTIMIZATION_LEVEL = 0;
				GCC_PREPROCESSOR_DEFINITIONS = (
					"DEBUG=1",
					"$(inherited)",
				);
				GCC_WARN_64_TO_32_BIT_CONVERSION = YES;
				GCC_WARN_ABOUT_RETURN_TYPE = YES_ERROR;
				GCC_WARN_UNDECLARED_SELECTOR = YES;
				GCC_WARN_UNINITIALIZED_AUTOS = YES_AGGRESSIVE;
				GCC_WARN_UNUSED_FUNCTION = YES;
				GCC_WARN_UNUSED_VARIABLE = YES;
				IPHONEOS_DEPLOYMENT_TARGET = 9.1;
				MTL_ENABLE_DEBUG_INFO = YES;
				ONLY_ACTIVE_ARCH = YES;
				SDKROOT = iphoneos;
				TARGETED_DEVICE_FAMILY = "1,2";
			};
			name = Debug;
		};
		501A073A1C28555E0016D60E /* Release */ = {
			isa = XCBuildConfiguration;
			buildSettings = {
				ALWAYS_SEARCH_USER_PATHS = NO;
				CLANG_CXX_LANGUAGE_STANDARD = "gnu++0x";
				CLANG_CXX_LIBRARY = "libc++";
				CLANG_ENABLE_MODULES = YES;
				CLANG_ENABLE_OBJC_ARC = YES;
				CLANG_WARN_BOOL_CONVERSION = YES;
				CLANG_WARN_CONSTANT_CONVERSION = YES;
				CLANG_WARN_DIRECT_OBJC_ISA_USAGE = YES_ERROR;
				CLANG_WARN_EMPTY_BODY = YES;
				CLANG_WARN_ENUM_CONVERSION = YES;
				CLANG_WARN_INT_CONVERSION = YES;
				CLANG_WARN_OBJC_ROOT_CLASS = YES_ERROR;
				CLANG_WARN_UNREACHABLE_CODE = YES;
				CLANG_WARN__DUPLICATE_METHOD_MATCH = YES;
				"CODE_SIGN_IDENTITY[sdk=iphoneos*]" = "iPhone Developer";
				COPY_PHASE_STRIP = NO;
				DEBUG_INFORMATION_FORMAT = "dwarf-with-dsym";
				ENABLE_NS_ASSERTIONS = NO;
				ENABLE_STRICT_OBJC_MSGSEND = YES;
				GCC_C_LANGUAGE_STANDARD = gnu99;
				GCC_NO_COMMON_BLOCKS = YES;
				GCC_WARN_64_TO_32_BIT_CONVERSION = YES;
				GCC_WARN_ABOUT_RETURN_TYPE = YES_ERROR;
				GCC_WARN_UNDECLARED_SELECTOR = YES;
				GCC_WARN_UNINITIALIZED_AUTOS = YES_AGGRESSIVE;
				GCC_WARN_UNUSED_FUNCTION = YES;
				GCC_WARN_UNUSED_VARIABLE = YES;
				IPHONEOS_DEPLOYMENT_TARGET = 9.1;
				MTL_ENABLE_DEBUG_INFO = NO;
				SDKROOT = iphoneos;
				TARGETED_DEVICE_FAMILY = "1,2";
				VALIDATE_PRODUCT = YES;
			};
			name = Release;
		};
		501A073C1C28555E0016D60E /* Debug */ = {
			isa = XCBuildConfiguration;
			buildSettings = {
				ASSETCATALOG_COMPILER_APPICON_NAME = AppIcon;
				FRAMEWORK_SEARCH_PATHS = (
					"$(inherited)",
					"$(PROJECT_DIR)",
				);
				INFOPLIST_FILE = "Phone Register/Info.plist";
				IPHONEOS_DEPLOYMENT_TARGET = 8.1;
				LD_RUNPATH_SEARCH_PATHS = "$(inherited) @executable_path/Frameworks";
				PRODUCT_BUNDLE_IDENTIFIER = "com.cordero.Phone-Register";
				PRODUCT_NAME = "$(TARGET_NAME)";
			};
			name = Debug;
		};
		501A073D1C28555E0016D60E /* Release */ = {
			isa = XCBuildConfiguration;
			buildSettings = {
				ASSETCATALOG_COMPILER_APPICON_NAME = AppIcon;
				FRAMEWORK_SEARCH_PATHS = (
					"$(inherited)",
					"$(PROJECT_DIR)",
				);
				INFOPLIST_FILE = "Phone Register/Info.plist";
				IPHONEOS_DEPLOYMENT_TARGET = 8.1;
				LD_RUNPATH_SEARCH_PATHS = "$(inherited) @executable_path/Frameworks";
				PRODUCT_BUNDLE_IDENTIFIER = "com.cordero.Phone-Register";
				PRODUCT_NAME = "$(TARGET_NAME)";
			};
			name = Release;
		};
/* End XCBuildConfiguration section */

/* Begin XCConfigurationList section */
		501A071C1C28555E0016D60E /* Build configuration list for PBXProject "Phone Register" */ = {
			isa = XCConfigurationList;
			buildConfigurations = (
				501A07391C28555E0016D60E /* Debug */,
				501A073A1C28555E0016D60E /* Release */,
			);
			defaultConfigurationIsVisible = 0;
			defaultConfigurationName = Release;
		};
		501A073B1C28555E0016D60E /* Build configuration list for PBXNativeTarget "Phone Register" */ = {
			isa = XCConfigurationList;
			buildConfigurations = (
				501A073C1C28555E0016D60E /* Debug */,
				501A073D1C28555E0016D60E /* Release */,
			);
			defaultConfigurationIsVisible = 0;
		};
/* End XCConfigurationList section */

/* Begin XCVersionGroup section */
		501A07301C28555E0016D60E /* Phone_Register.xcdatamodeld */ = {
			isa = XCVersionGroup;
			children = (
				501A07311C28555E0016D60E /* Phone_Register.xcdatamodel */,
			);
			currentVersion = 501A07311C28555E0016D60E /* Phone_Register.xcdatamodel */;
			path = Phone_Register.xcdatamodeld;
			sourceTree = "<group>";
			versionGroupType = wrapper.xcdatamodel;
		};
/* End XCVersionGroup section */
	};
	rootObject = 501A07191C28555E0016D60E /* Project object */;
}
